
Microsoft Visual Studio Solution File, Format Version 12.00
# Visual Studio Version 16
VisualStudioVersion = 25.0.1700.0
MinimumVisualStudioVersion = 10.0.40219.1
Project("{FAE04EC0-301F-11D3-BF4B-00C04F79EFBC}") = "banditoth.MAUI.MVVM", "banditoth.MAUI.MVVM\banditoth.MAUI.MVVM.csproj", "{3AC066E0-788E-445A-96E8-356F2DB5477B}"
EndProject
Project("{FAE04EC0-301F-11D3-BF4B-00C04F79EFBC}") = "banditoth.MAUI.Multilanguage", "banditoth.MAUI.Multilanguage\banditoth.MAUI.Multilanguage.csproj", "{E4AED65E-CCC2-427F-B25A-21E6EE9E62C5}"
EndProject
Global
	GlobalSection(SolutionConfigurationPlatforms) = preSolution
		Debug|Any CPU = Debug|Any CPU
		Release|Any CPU = Release|Any CPU
	EndGlobalSection
	GlobalSection(ProjectConfigurationPlatforms) = postSolution
		{3AC066E0-788E-445A-96E8-356F2DB5477B}.Debug|Any CPU.ActiveCfg = Debug|Any CPU
		{3AC066E0-788E-445A-96E8-356F2DB5477B}.Debug|Any CPU.Build.0 = Debug|Any CPU
		{3AC066E0-788E-445A-96E8-356F2DB5477B}.Release|Any CPU.ActiveCfg = Release|Any CPU
		{3AC066E0-788E-445A-96E8-356F2DB5477B}.Release|Any CPU.Build.0 = Release|Any CPU
		{E4AED65E-CCC2-427F-B25A-21E6EE9E62C5}.Debug|Any CPU.ActiveCfg = Debug|Any CPU
		{E4AED65E-CCC2-427F-B25A-21E6EE9E62C5}.Debug|Any CPU.Build.0 = Debug|Any CPU
		{E4AED65E-CCC2-427F-B25A-21E6EE9E62C5}.Release|Any CPU.ActiveCfg = Release|Any CPU
		{E4AED65E-CCC2-427F-B25A-21E6EE9E62C5}.Release|Any CPU.Build.0 = Release|Any CPU
	EndGlobalSection
	GlobalSection(SolutionProperties) = preSolution
		HideSolutionNode = FALSE
	EndGlobalSection
	GlobalSection(ExtensibilityGlobals) = postSolution
		SolutionGuid = {9E3C8037-650E-4902-A01A-5F0DF5BFFD14}
	EndGlobalSection
EndGlobal
