
Microsoft Visual Studio Solution File, Format Version 12.00
# Visual Studio Version 16
VisualStudioVersion = 25.0.1700.0
MinimumVisualStudioVersion = 10.0.40219.1
Project("{FAE04EC0-301F-11D3-BF4B-00C04F79EFBC}") = "banditoth.MAUI.JailbreakDetector", "banditoth.MAUI.JailbreakDetector\banditoth.MAUI.JailbreakDetector.csproj", "{70F11588-AF5B-425E-8EC3-9E90A2822DED}"
EndProject
Project("{FAE04EC0-301F-11D3-BF4B-00C04F79EFBC}") = "banditoth.MAUI.MVVM", "banditoth.MAUI.MVVM\banditoth.MAUI.MVVM.csproj", "{56C02A43-8239-4DEB-9998-1C2A123A5B30}"
EndProject
Project("{FAE04EC0-301F-11D3-BF4B-00C04F79EFBC}") = "banditoth.MAUI.Multilanguage", "banditoth.MAUI.Multilanguage\banditoth.MAUI.Multilanguage.csproj", "{18535AEA-9E98-4A09-ADAC-147FCA173056}"
EndProject
Project("{FAE04EC0-301F-11D3-BF4B-00C04F79EFBC}") = "banditoth.MAUI.DeviceId", "banditoth.MAUI.DeviceId\banditoth.MAUI.DeviceId.csproj", "{FBD08B41-E460-47B9-BA44-8A909684B07C}"
EndProject
Project("{FAE04EC0-301F-11D3-BF4B-00C04F79EFBC}") = "banditoth.MAUI.PreferencesExtension", "banditoth.MAUI.PreferencesExtension\banditoth.MAUI.PreferencesExtension.csproj", "{62C296E2-CD46-4606-99AF-64C57FF1725A}"
EndProject
Project("{FAE04EC0-301F-11D3-BF4B-00C04F79EFBC}") = "banditoth.MAUI.FontIcons", "banditoth.MAUI.FontIcons\banditoth.MAUI.FontIcons.csproj", "{AABB20FE-2E05-4F15-BCFA-C726A9AD2E49}"
EndProject
Global
	GlobalSection(SolutionConfigurationPlatforms) = preSolution
		Debug|Any CPU = Debug|Any CPU
		Release|Any CPU = Release|Any CPU
	EndGlobalSection
	GlobalSection(ProjectConfigurationPlatforms) = postSolution
		{70F11588-AF5B-425E-8EC3-9E90A2822DED}.Debug|Any CPU.ActiveCfg = Debug|Any CPU
		{70F11588-AF5B-425E-8EC3-9E90A2822DED}.Debug|Any CPU.Build.0 = Debug|Any CPU
		{70F11588-AF5B-425E-8EC3-9E90A2822DED}.Release|Any CPU.ActiveCfg = Release|Any CPU
		{70F11588-AF5B-425E-8EC3-9E90A2822DED}.Release|Any CPU.Build.0 = Release|Any CPU
		{56C02A43-8239-4DEB-9998-1C2A123A5B30}.Debug|Any CPU.ActiveCfg = Debug|Any CPU
		{56C02A43-8239-4DEB-9998-1C2A123A5B30}.Debug|Any CPU.Build.0 = Debug|Any CPU
		{56C02A43-8239-4DEB-9998-1C2A123A5B30}.Release|Any CPU.ActiveCfg = Release|Any CPU
		{56C02A43-8239-4DEB-9998-1C2A123A5B30}.Release|Any CPU.Build.0 = Release|Any CPU
		{18535AEA-9E98-4A09-ADAC-147FCA173056}.Debug|Any CPU.ActiveCfg = Debug|Any CPU
		{18535AEA-9E98-4A09-ADAC-147FCA173056}.Debug|Any CPU.Build.0 = Debug|Any CPU
		{18535AEA-9E98-4A09-ADAC-147FCA173056}.Release|Any CPU.ActiveCfg = Release|Any CPU
		{18535AEA-9E98-4A09-ADAC-147FCA173056}.Release|Any CPU.Build.0 = Release|Any CPU
		{FBD08B41-E460-47B9-BA44-8A909684B07C}.Debug|Any CPU.ActiveCfg = Debug|Any CPU
		{FBD08B41-E460-47B9-BA44-8A909684B07C}.Debug|Any CPU.Build.0 = Debug|Any CPU
		{FBD08B41-E460-47B9-BA44-8A909684B07C}.Release|Any CPU.ActiveCfg = Release|Any CPU
		{FBD08B41-E460-47B9-BA44-8A909684B07C}.Release|Any CPU.Build.0 = Release|Any CPU
		{62C296E2-CD46-4606-99AF-64C57FF1725A}.Debug|Any CPU.ActiveCfg = Debug|Any CPU
		{62C296E2-CD46-4606-99AF-64C57FF1725A}.Debug|Any CPU.Build.0 = Debug|Any CPU
		{62C296E2-CD46-4606-99AF-64C57FF1725A}.Release|Any CPU.ActiveCfg = Release|Any CPU
		{62C296E2-CD46-4606-99AF-64C57FF1725A}.Release|Any CPU.Build.0 = Release|Any CPU
		{AABB20FE-2E05-4F15-BCFA-C726A9AD2E49}.Debug|Any CPU.ActiveCfg = Debug|Any CPU
		{AABB20FE-2E05-4F15-BCFA-C726A9AD2E49}.Debug|Any CPU.Build.0 = Debug|Any CPU
		{AABB20FE-2E05-4F15-BCFA-C726A9AD2E49}.Release|Any CPU.ActiveCfg = Release|Any CPU
		{AABB20FE-2E05-4F15-BCFA-C726A9AD2E49}.Release|Any CPU.Build.0 = Release|Any CPU
	EndGlobalSection
	GlobalSection(SolutionProperties) = preSolution
		HideSolutionNode = FALSE
	EndGlobalSection
	GlobalSection(ExtensibilityGlobals) = postSolution
		SolutionGuid = {9E3C8037-650E-4902-A01A-5F0DF5BFFD14}
	EndGlobalSection
EndGlobal
